{
  "name": "jftsang.github.io",
  "version": "1.0.0",
  "lockfileVersion": 3,
  "requires": true,
  "packages": {
    "": {
      "name": "jftsang.github.io",
      "version": "1.0.0",
      "license": "ISC",
      "dependencies": {
        "plotly.js-dist-min": "^2.28.0"
      },
      "devDependencies": {
        "@types/plotly.js-dist-min": "^2.3.4",
        "typescript": "^5.3.3"
      }
    },
    "node_modules/@types/plotly.js": {
      "version": "2.12.32",
      "resolved": "https://registry.npmjs.org/@types/plotly.js/-/plotly.js-2.12.32.tgz",
      "integrity": "sha512-pCE60W1v77zxobnA1oGIisHhGzTHv8c4fAtM81Y1h7gezeKpLpx4E0fQ3ThKIPOIvGlnoVseUjSpFwFqIKdsXg==",
      "dev": true
    },
    "node_modules/@types/plotly.js-dist-min": {
      "version": "2.3.4",
      "resolved": "https://registry.npmjs.org/@types/plotly.js-dist-min/-/plotly.js-dist-min-2.3.4.tgz",
      "integrity": "sha512-ISwLFV6Zs/v3DkaRFLyk2rvYAfVdnYP2VVVy7h+fBDWw52sn7sMUzytkWiN4M75uxr1uz1uiBioePTDpAfoFIg==",
      "dev": true,
      "dependencies": {
        "@types/plotly.js": "*"
      }
    },
    "node_modules/plotly.js-dist-min": {
      "version": "2.28.0",
      "resolved": "https://registry.npmjs.org/plotly.js-dist-min/-/plotly.js-dist-min-2.28.0.tgz",
      "integrity": "sha512-TzoB4RRSL4WcbAVP9fjeZRKNnRhHLBWmXxIIMQ3O7GAwadQ/IpO6kSS0q8Ahmr6eewvKKiJeXqc4sA6oEQre/A=="
    },
    "node_modules/typescript": {
      "version": "5.3.3",
      "resolved": "https://registry.npmjs.org/typescript/-/typescript-5.3.3.tgz",
      "integrity": "sha512-pXWcraxM0uxAS+tN0AG/BF2TyqmHO014Z070UsJ+pFvYuRSq8KH8DmWpnbXe0pEPDHXZV3FcAbJkijJ5oNEnWw==",
      "dev": true,
      "bin": {
        "tsc": "bin/tsc",
        "tsserver": "bin/tsserver"
      },
      "engines": {
        "node": ">=14.17"
      }
    }
  }
}
